
Microsoft Visual Studio Solution File, Format Version 12.00
# Visual Studio Version 17
VisualStudioVersion = 17.7.34221.43
MinimumVisualStudioVersion = 10.0.40219.1
Project("{FAE04EC0-301F-11D3-BF4B-00C04F79EFBC}") = "MVCUsingExmaple", "MVCUsingExmaple\MVCUsingExmaple.csproj", "{162002F8-AEB1-437B-90E9-B1B7437CC0BE}"
EndProject
Global
	GlobalSection(SolutionConfigurationPlatforms) = preSolution
		Debug|Any CPU = Debug|Any CPU
		Release|Any CPU = Release|Any CPU
	EndGlobalSection
	GlobalSection(ProjectConfigurationPlatforms) = postSolution
		{162002F8-AEB1-437B-90E9-B1B7437CC0BE}.Debug|Any CPU.ActiveCfg = Debug|Any CPU
		{162002F8-AEB1-437B-90E9-B1B7437CC0BE}.Debug|Any CPU.Build.0 = Debug|Any CPU
		{162002F8-AEB1-437B-90E9-B1B7437CC0BE}.Release|Any CPU.ActiveCfg = Release|Any CPU
		{162002F8-AEB1-437B-90E9-B1B7437CC0BE}.Release|Any CPU.Build.0 = Release|Any CPU
	EndGlobalSection
	GlobalSection(SolutionProperties) = preSolution
		HideSolutionNode = FALSE
	EndGlobalSection
	GlobalSection(ExtensibilityGlobals) = postSolution
		SolutionGuid = {6C214A4A-0FC0-47F7-B4E8-46618EA95AE4}
	EndGlobalSection
EndGlobal
